<Solution>
  <Configurations>
    <BuildType Name="Debug" />
    <BuildType Name="Release" />
    <BuildType Name="Staging" />
  </Configurations>
  <Project Path="Core/Core.csproj">
    <BuildType Solution="Staging|*" Project="Release" />
  </Project>
  <Project Path="Core.AspNetCore/Core.AspNetCore.csproj">
    <BuildType Solution="Staging|*" Project="Release" />
  </Project>
  <Project Path="DB/DB.csproj">
    <BuildType Solution="Staging|*" Project="Release" />
  </Project>
  <Project Path="UnitTests/UnitTests.csproj">
    <BuildType Solution="Staging|*" Project="Release" />
  </Project>
</Solution>
