
Microsoft Visual Studio Solution File, Format Version 12.00
# Visual Studio 2013
VisualStudioVersion = 12.0.21005.1
MinimumVisualStudioVersion = 10.0.40219.1
Project("{FAE04EC0-301F-11D3-BF4B-00C04F79EFBC}") = "Core", "Core\Core.csproj", "{51CD9FFD-2615-4E55-90D5-C18B1BF7FE07}"
EndProject
Project("{FAE04EC0-301F-11D3-BF4B-00C04F79EFBC}") = "UnitTests", "UnitTests\UnitTests.csproj", "{E7D7ADC3-D224-40DD-959A-C71310250806}"
EndProject
Project("{FAE04EC0-301F-11D3-BF4B-00C04F79EFBC}") = "DB", "DB\DB.csproj", "{F9AC98DE-512F-4491-90D8-B21CBE0F3F2A}"
EndProject
Project("{FAE04EC0-301F-11D3-BF4B-00C04F79EFBC}") = "KPCTest", "..\..\..\Documents\Visual Studio 2013\Projects\KPCTest\KPCTest\KPCTest.csproj", "{014DA469-4A46-4FA2-84D5-4E3E16251948}"
EndProject
Global
	GlobalSection(SolutionConfigurationPlatforms) = preSolution
		Debug|Any CPU = Debug|Any CPU
		Release|Any CPU = Release|Any CPU
		Staging|Any CPU = Staging|Any CPU
	EndGlobalSection
	GlobalSection(ProjectConfigurationPlatforms) = postSolution
		{51CD9FFD-2615-4E55-90D5-C18B1BF7FE07}.Debug|Any CPU.ActiveCfg = Debug|Any CPU
		{51CD9FFD-2615-4E55-90D5-C18B1BF7FE07}.Debug|Any CPU.Build.0 = Debug|Any CPU
		{51CD9FFD-2615-4E55-90D5-C18B1BF7FE07}.Release|Any CPU.ActiveCfg = Release|Any CPU
		{51CD9FFD-2615-4E55-90D5-C18B1BF7FE07}.Release|Any CPU.Build.0 = Release|Any CPU
		{51CD9FFD-2615-4E55-90D5-C18B1BF7FE07}.Staging|Any CPU.ActiveCfg = Staging|Any CPU
		{51CD9FFD-2615-4E55-90D5-C18B1BF7FE07}.Staging|Any CPU.Build.0 = Staging|Any CPU
		{E7D7ADC3-D224-40DD-959A-C71310250806}.Debug|Any CPU.ActiveCfg = Debug|Any CPU
		{E7D7ADC3-D224-40DD-959A-C71310250806}.Debug|Any CPU.Build.0 = Debug|Any CPU
		{E7D7ADC3-D224-40DD-959A-C71310250806}.Release|Any CPU.ActiveCfg = Release|Any CPU
		{E7D7ADC3-D224-40DD-959A-C71310250806}.Release|Any CPU.Build.0 = Release|Any CPU
		{E7D7ADC3-D224-40DD-959A-C71310250806}.Staging|Any CPU.ActiveCfg = Staging|Any CPU
		{E7D7ADC3-D224-40DD-959A-C71310250806}.Staging|Any CPU.Build.0 = Staging|Any CPU
		{F9AC98DE-512F-4491-90D8-B21CBE0F3F2A}.Debug|Any CPU.ActiveCfg = Debug|Any CPU
		{F9AC98DE-512F-4491-90D8-B21CBE0F3F2A}.Debug|Any CPU.Build.0 = Debug|Any CPU
		{F9AC98DE-512F-4491-90D8-B21CBE0F3F2A}.Release|Any CPU.ActiveCfg = Release|Any CPU
		{F9AC98DE-512F-4491-90D8-B21CBE0F3F2A}.Release|Any CPU.Build.0 = Release|Any CPU
		{F9AC98DE-512F-4491-90D8-B21CBE0F3F2A}.Staging|Any CPU.ActiveCfg = Release|Any CPU
		{F9AC98DE-512F-4491-90D8-B21CBE0F3F2A}.Staging|Any CPU.Build.0 = Release|Any CPU
		{014DA469-4A46-4FA2-84D5-4E3E16251948}.Debug|Any CPU.ActiveCfg = Debug|Any CPU
		{014DA469-4A46-4FA2-84D5-4E3E16251948}.Debug|Any CPU.Build.0 = Debug|Any CPU
		{014DA469-4A46-4FA2-84D5-4E3E16251948}.Release|Any CPU.ActiveCfg = Release|Any CPU
		{014DA469-4A46-4FA2-84D5-4E3E16251948}.Release|Any CPU.Build.0 = Release|Any CPU
		{014DA469-4A46-4FA2-84D5-4E3E16251948}.Staging|Any CPU.ActiveCfg = Release|Any CPU
		{014DA469-4A46-4FA2-84D5-4E3E16251948}.Staging|Any CPU.Build.0 = Release|Any CPU
	EndGlobalSection
	GlobalSection(SolutionProperties) = preSolution
		HideSolutionNode = FALSE
	EndGlobalSection
EndGlobal
