
Microsoft Visual Studio Solution File, Format Version 12.00
# Visual Studio Version 16
VisualStudioVersion = 16.0.29613.14
MinimumVisualStudioVersion = 10.0.40219.1
Project("{FAE04EC0-301F-11D3-BF4B-00C04F79EFBC}") = "Core", "Core\Core.csproj", "{51CD9FFD-2615-4E55-90D5-C18B1BF7FE07}"
EndProject
Project("{FAE04EC0-301F-11D3-BF4B-00C04F79EFBC}") = "UnitTests", "UnitTests\UnitTests.csproj", "{E7D7ADC3-D224-40DD-959A-C71310250806}"
EndProject
Project("{FAE04EC0-301F-11D3-BF4B-00C04F79EFBC}") = "DB", "DB\DB.csproj", "{F9AC98DE-512F-4491-90D8-B21CBE0F3F2A}"
EndProject
Project("{2150E333-8FDC-42A3-9474-1A3956D46DE8}") = "Samples", "Samples", "{2945C281-1869-414F-92D4-6EBEF29BC500}"
EndProject
Project("{FAE04EC0-301F-11D3-BF4B-00C04F79EFBC}") = "WebApp", "Samples\WebApp\WebApp.csproj", "{E6BB3F54-EE3F-48FF-9D5A-E4F1E2365994}"
EndProject
Global
	GlobalSection(SolutionConfigurationPlatforms) = preSolution
		Debug|Any CPU = Debug|Any CPU
		Release|Any CPU = Release|Any CPU
		Staging|Any CPU = Staging|Any CPU
	EndGlobalSection
	GlobalSection(ProjectConfigurationPlatforms) = postSolution
		{51CD9FFD-2615-4E55-90D5-C18B1BF7FE07}.Debug|Any CPU.ActiveCfg = Debug|Any CPU
		{51CD9FFD-2615-4E55-90D5-C18B1BF7FE07}.Debug|Any CPU.Build.0 = Debug|Any CPU
		{51CD9FFD-2615-4E55-90D5-C18B1BF7FE07}.Release|Any CPU.ActiveCfg = Release|Any CPU
		{51CD9FFD-2615-4E55-90D5-C18B1BF7FE07}.Release|Any CPU.Build.0 = Release|Any CPU
		{51CD9FFD-2615-4E55-90D5-C18B1BF7FE07}.Staging|Any CPU.ActiveCfg = Release|Any CPU
		{51CD9FFD-2615-4E55-90D5-C18B1BF7FE07}.Staging|Any CPU.Build.0 = Release|Any CPU
		{E7D7ADC3-D224-40DD-959A-C71310250806}.Debug|Any CPU.ActiveCfg = Debug|Any CPU
		{E7D7ADC3-D224-40DD-959A-C71310250806}.Debug|Any CPU.Build.0 = Debug|Any CPU
		{E7D7ADC3-D224-40DD-959A-C71310250806}.Release|Any CPU.ActiveCfg = Release|Any CPU
		{E7D7ADC3-D224-40DD-959A-C71310250806}.Release|Any CPU.Build.0 = Release|Any CPU
		{E7D7ADC3-D224-40DD-959A-C71310250806}.Staging|Any CPU.ActiveCfg = Release|Any CPU
		{E7D7ADC3-D224-40DD-959A-C71310250806}.Staging|Any CPU.Build.0 = Release|Any CPU
		{F9AC98DE-512F-4491-90D8-B21CBE0F3F2A}.Debug|Any CPU.ActiveCfg = Debug|Any CPU
		{F9AC98DE-512F-4491-90D8-B21CBE0F3F2A}.Debug|Any CPU.Build.0 = Debug|Any CPU
		{F9AC98DE-512F-4491-90D8-B21CBE0F3F2A}.Release|Any CPU.ActiveCfg = Release|Any CPU
		{F9AC98DE-512F-4491-90D8-B21CBE0F3F2A}.Release|Any CPU.Build.0 = Release|Any CPU
		{F9AC98DE-512F-4491-90D8-B21CBE0F3F2A}.Staging|Any CPU.ActiveCfg = Release|Any CPU
		{F9AC98DE-512F-4491-90D8-B21CBE0F3F2A}.Staging|Any CPU.Build.0 = Release|Any CPU
		{E6BB3F54-EE3F-48FF-9D5A-E4F1E2365994}.Debug|Any CPU.ActiveCfg = Debug|Any CPU
		{E6BB3F54-EE3F-48FF-9D5A-E4F1E2365994}.Debug|Any CPU.Build.0 = Debug|Any CPU
		{E6BB3F54-EE3F-48FF-9D5A-E4F1E2365994}.Release|Any CPU.ActiveCfg = Release|Any CPU
		{E6BB3F54-EE3F-48FF-9D5A-E4F1E2365994}.Release|Any CPU.Build.0 = Release|Any CPU
		{E6BB3F54-EE3F-48FF-9D5A-E4F1E2365994}.Staging|Any CPU.ActiveCfg = Debug|Any CPU
		{E6BB3F54-EE3F-48FF-9D5A-E4F1E2365994}.Staging|Any CPU.Build.0 = Debug|Any CPU
	EndGlobalSection
	GlobalSection(SolutionProperties) = preSolution
		HideSolutionNode = FALSE
	EndGlobalSection
	GlobalSection(ExtensibilityGlobals) = postSolution
		SolutionGuid = {28848AD6-84DF-4FF1-AB47-274866767447}
	EndGlobalSection
	GlobalSection(NestedProjects) = preSolution
		{E6BB3F54-EE3F-48FF-9D5A-E4F1E2365994} = {2945C281-1869-414F-92D4-6EBEF29BC500}
	EndGlobalSection
EndGlobal
